
Microsoft Visual Studio Solution File, Format Version 12.00
# Visual Studio 15
VisualStudioVersion = 15.0.27130.2010
MinimumVisualStudioVersion = 10.0.40219.1
Project("{D954291E-2A0B-460D-934E-DC6B0785DB48}") = "DbElems", "DbElems\DbElems.shproj", "{A2E2B96F-B610-4A01-8F30-2ECAC31ACEE3}"
EndProject
Project("{FAE04EC0-301F-11D3-BF4B-00C04F79EFBC}") = "DbWindows", "DbWindows\DbWindows.csproj", "{9E973579-3B34-4CB7-B68B-9E0F7F803B5F}"
EndProject
Global
	GlobalSection(SharedMSBuildProjectFiles) = preSolution
		DbElems\DbElems.projitems*{9e973579-3b34-4cb7-b68b-9e0f7f803b5f}*SharedItemsImports = 4
		DbElems\DbElems.projitems*{a2e2b96f-b610-4a01-8f30-2ecac31acee3}*SharedItemsImports = 13
	EndGlobalSection
	GlobalSection(SolutionConfigurationPlatforms) = preSolution
		Debug|Any CPU = Debug|Any CPU
		Release|Any CPU = Release|Any CPU
	EndGlobalSection
	GlobalSection(ProjectConfigurationPlatforms) = postSolution
		{9E973579-3B34-4CB7-B68B-9E0F7F803B5F}.Debug|Any CPU.ActiveCfg = Debug|Any CPU
		{9E973579-3B34-4CB7-B68B-9E0F7F803B5F}.Debug|Any CPU.Build.0 = Debug|Any CPU
		{9E973579-3B34-4CB7-B68B-9E0F7F803B5F}.Release|Any CPU.ActiveCfg = Release|Any CPU
		{9E973579-3B34-4CB7-B68B-9E0F7F803B5F}.Release|Any CPU.Build.0 = Release|Any CPU
	EndGlobalSection
	GlobalSection(SolutionProperties) = preSolution
		HideSolutionNode = FALSE
	EndGlobalSection
	GlobalSection(ExtensibilityGlobals) = postSolution
		SolutionGuid = {8139B635-0B01-4CB4-8109-F1B6DC4147D2}
	EndGlobalSection
EndGlobal
